
Microsoft Visual Studio Solution File, Format Version 12.00
# Visual Studio Version 17
VisualStudioVersion = 17.13.35825.156 d17.13
MinimumVisualStudioVersion = 10.0.40219.1
Project("{FAE04EC0-301F-11D3-BF4B-00C04F79EFBC}") = "RMS", "RMS.csproj", "{534D36DB-46A7-493C-B277-9B1FDF913FCD}"
EndProject
Global
	GlobalSection(SolutionConfigurationPlatforms) = preSolution
		Debug|Any CPU = Debug|Any CPU
		Release|Any CPU = Release|Any CPU
	EndGlobalSection
	GlobalSection(ProjectConfigurationPlatforms) = postSolution
		{534D36DB-46A7-493C-B277-9B1FDF913FCD}.Debug|Any CPU.ActiveCfg = Debug|Any CPU
		{534D36DB-46A7-493C-B277-9B1FDF913FCD}.Debug|Any CPU.Build.0 = Debug|Any CPU
		{534D36DB-46A7-493C-B277-9B1FDF913FCD}.Release|Any CPU.ActiveCfg = Release|Any CPU
		{534D36DB-46A7-493C-B277-9B1FDF913FCD}.Release|Any CPU.Build.0 = Release|Any CPU
	EndGlobalSection
	GlobalSection(SolutionProperties) = preSolution
		HideSolutionNode = FALSE
	EndGlobalSection
	GlobalSection(ExtensibilityGlobals) = postSolution
		SolutionGuid = {6052732E-CB64-4E01-A7A1-35CF7E5A088D}
	EndGlobalSection
EndGlobal
